
Microsoft Visual Studio Solution File, Format Version 12.00
# Visual Studio Version 16
VisualStudioVersion = 16.0.30204.135
MinimumVisualStudioVersion = 10.0.40219.1
Project("{FAE04EC0-301F-11D3-BF4B-00C04F79EFBC}") = "First_Assignment_Group5", "First_Assignment_Group5.csproj", "{FD891EE4-7889-4954-BBD1-A095AB8A1A42}"
EndProject
Global
	GlobalSection(SolutionConfigurationPlatforms) = preSolution
		Debug|Any CPU = Debug|Any CPU
		Release|Any CPU = Release|Any CPU
	EndGlobalSection
	GlobalSection(ProjectConfigurationPlatforms) = postSolution
		{FD891EE4-7889-4954-BBD1-A095AB8A1A42}.Debug|Any CPU.ActiveCfg = Debug|Any CPU
		{FD891EE4-7889-4954-BBD1-A095AB8A1A42}.Debug|Any CPU.Build.0 = Debug|Any CPU
		{FD891EE4-7889-4954-BBD1-A095AB8A1A42}.Release|Any CPU.ActiveCfg = Release|Any CPU
		{FD891EE4-7889-4954-BBD1-A095AB8A1A42}.Release|Any CPU.Build.0 = Release|Any CPU
	EndGlobalSection
	GlobalSection(SolutionProperties) = preSolution
		HideSolutionNode = FALSE
	EndGlobalSection
	GlobalSection(ExtensibilityGlobals) = postSolution
		SolutionGuid = {A63FC8A2-4C08-4C81-8EB4-565548D4368C}
	EndGlobalSection
EndGlobal
